
Microsoft Visual Studio Solution File, Format Version 12.00
# Visual Studio Version 17
VisualStudioVersion = 17.9.34714.143
MinimumVisualStudioVersion = 10.0.40219.1
Project("{FAE04EC0-301F-11D3-BF4B-00C04F79EFBC}") = "IntrgrationWithMercadoPagoAPI", "IntrgrationWithMercadoPagoAPI\IntrgrationWithMercadoPagoAPI.csproj", "{E490295B-609A-493C-A34F-C6A9AA2DAEC3}"
EndProject
Global
	GlobalSection(SolutionConfigurationPlatforms) = preSolution
		Debug|Any CPU = Debug|Any CPU
		Release|Any CPU = Release|Any CPU
	EndGlobalSection
	GlobalSection(ProjectConfigurationPlatforms) = postSolution
		{E490295B-609A-493C-A34F-C6A9AA2DAEC3}.Debug|Any CPU.ActiveCfg = Debug|Any CPU
		{E490295B-609A-493C-A34F-C6A9AA2DAEC3}.Debug|Any CPU.Build.0 = Debug|Any CPU
		{E490295B-609A-493C-A34F-C6A9AA2DAEC3}.Release|Any CPU.ActiveCfg = Release|Any CPU
		{E490295B-609A-493C-A34F-C6A9AA2DAEC3}.Release|Any CPU.Build.0 = Release|Any CPU
	EndGlobalSection
	GlobalSection(SolutionProperties) = preSolution
		HideSolutionNode = FALSE
	EndGlobalSection
	GlobalSection(ExtensibilityGlobals) = postSolution
		SolutionGuid = {AE1210C4-28EE-44DA-AA20-E475E44F43AC}
	EndGlobalSection
EndGlobal
